
Microsoft Visual Studio Solution File, Format Version 12.00
# Visual Studio Version 16
VisualStudioVersion = 16.0.33920.266
MinimumVisualStudioVersion = 10.0.40219.1
Project("{FAE04EC0-301F-11D3-BF4B-00C04F79EFBC}") = "HotelFinder.Entities", "HotelFinder.Entities\HotelFinder.Entities.csproj", "{D7E925E5-77AD-4B75-875C-20152C7B02B9}"
EndProject
Project("{FAE04EC0-301F-11D3-BF4B-00C04F79EFBC}") = "HotelFinder.DataAccess", "HotelFinder.DataAccess\HotelFinder.DataAccess.csproj", "{51A77338-0662-46D7-9646-F9E976A138BD}"
EndProject
Project("{FAE04EC0-301F-11D3-BF4B-00C04F79EFBC}") = "HotelFİnder.API", "HotelFİnder.API\HotelFİnder.API.csproj", "{BCDF0CF0-95A8-4F59-B7E0-768972EF0A73}"
EndProject
Global
	GlobalSection(SolutionConfigurationPlatforms) = preSolution
		Debug|Any CPU = Debug|Any CPU
		Release|Any CPU = Release|Any CPU
	EndGlobalSection
	GlobalSection(ProjectConfigurationPlatforms) = postSolution
		{D7E925E5-77AD-4B75-875C-20152C7B02B9}.Debug|Any CPU.ActiveCfg = Debug|Any CPU
		{D7E925E5-77AD-4B75-875C-20152C7B02B9}.Debug|Any CPU.Build.0 = Debug|Any CPU
		{D7E925E5-77AD-4B75-875C-20152C7B02B9}.Release|Any CPU.ActiveCfg = Release|Any CPU
		{D7E925E5-77AD-4B75-875C-20152C7B02B9}.Release|Any CPU.Build.0 = Release|Any CPU
		{51A77338-0662-46D7-9646-F9E976A138BD}.Debug|Any CPU.ActiveCfg = Debug|Any CPU
		{51A77338-0662-46D7-9646-F9E976A138BD}.Debug|Any CPU.Build.0 = Debug|Any CPU
		{51A77338-0662-46D7-9646-F9E976A138BD}.Release|Any CPU.ActiveCfg = Release|Any CPU
		{51A77338-0662-46D7-9646-F9E976A138BD}.Release|Any CPU.Build.0 = Release|Any CPU
		{BCDF0CF0-95A8-4F59-B7E0-768972EF0A73}.Debug|Any CPU.ActiveCfg = Debug|Any CPU
		{BCDF0CF0-95A8-4F59-B7E0-768972EF0A73}.Debug|Any CPU.Build.0 = Debug|Any CPU
		{BCDF0CF0-95A8-4F59-B7E0-768972EF0A73}.Release|Any CPU.ActiveCfg = Release|Any CPU
		{BCDF0CF0-95A8-4F59-B7E0-768972EF0A73}.Release|Any CPU.Build.0 = Release|Any CPU
	EndGlobalSection
	GlobalSection(SolutionProperties) = preSolution
		HideSolutionNode = FALSE
	EndGlobalSection
	GlobalSection(ExtensibilityGlobals) = postSolution
		SolutionGuid = {B29E9A53-6960-45DD-9C7F-92EB041275FF}
	EndGlobalSection
EndGlobal
